// !$*UTF8*$!
{
	archiveVersion = 1;
	classes = {
	};
	objectVersion = 50;
	objects = {

/* Begin PBXBuildFile section */
		49536E9A231960A600C9C7EA /* EpisodeCell.swift in Sources */ = {isa = PBXBuildFile; fileRef = 49536E99231960A600C9C7EA /* EpisodeCell.swift */; };
		49536E9C231EA74100C9C7EA /* SeasonEndpoint.swift in Sources */ = {isa = PBXBuildFile; fileRef = 49536E9B231EA74100C9C7EA /* SeasonEndpoint.swift */; };
		49536E9E231EED1600C9C7EA /* EpisodeEndpoint.swift in Sources */ = {isa = PBXBuildFile; fileRef = 49536E9D231EED1600C9C7EA /* EpisodeEndpoint.swift */; };
		49536EA2231EF8B700C9C7EA /* EpisodeController.swift in Sources */ = {isa = PBXBuildFile; fileRef = 49536EA1231EF8B700C9C7EA /* EpisodeController.swift */; };
		49AAA5172318252C00F11DC3 /* AppDelegate.swift in Sources */ = {isa = PBXBuildFile; fileRef = 49AAA5162318252C00F11DC3 /* AppDelegate.swift */; };
		49AAA5192318252C00F11DC3 /* ViewController.swift in Sources */ = {isa = PBXBuildFile; fileRef = 49AAA5182318252C00F11DC3 /* ViewController.swift */; };
		49AAA51C2318252C00F11DC3 /* Main.storyboard in Resources */ = {isa = PBXBuildFile; fileRef = 49AAA51A2318252C00F11DC3 /* Main.storyboard */; };
		49AAA51E2318252D00F11DC3 /* Assets.xcassets in Resources */ = {isa = PBXBuildFile; fileRef = 49AAA51D2318252D00F11DC3 /* Assets.xcassets */; };
		49AAA5212318252D00F11DC3 /* LaunchScreen.storyboard in Resources */ = {isa = PBXBuildFile; fileRef = 49AAA51F2318252D00F11DC3 /* LaunchScreen.storyboard */; };
		49AAA52C2318252D00F11DC3 /* videoPlayerTests.swift in Sources */ = {isa = PBXBuildFile; fileRef = 49AAA52B2318252D00F11DC3 /* videoPlayerTests.swift */; };
		49AAA5372318252D00F11DC3 /* videoPlayerUITests.swift in Sources */ = {isa = PBXBuildFile; fileRef = 49AAA5362318252D00F11DC3 /* videoPlayerUITests.swift */; };
/* End PBXBuildFile section */

/* Begin PBXContainerItemProxy section */
		49AAA5282318252D00F11DC3 /* PBXContainerItemProxy */ = {
			isa = PBXContainerItemProxy;
			containerPortal = 49AAA50B2318252C00F11DC3 /* Project object */;
			proxyType = 1;
			remoteGlobalIDString = 49AAA5122318252C00F11DC3;
			remoteInfo = videoPlayer;
		};
		49AAA5332318252D00F11DC3 /* PBXContainerItemProxy */ = {
			isa = PBXContainerItemProxy;
			containerPortal = 49AAA50B2318252C00F11DC3 /* Project object */;
			proxyType = 1;
			remoteGlobalIDString = 49AAA5122318252C00F11DC3;
			remoteInfo = videoPlayer;
		};
/* End PBXContainerItemProxy section */

/* Begin PBXFileReference section */
		49536E99231960A600C9C7EA /* EpisodeCell.swift */ = {isa = PBXFileReference; lastKnownFileType = sourcecode.swift; path = EpisodeCell.swift; sourceTree = "<group>"; };
		49536E9B231EA74100C9C7EA /* SeasonEndpoint.swift */ = {isa = PBXFileReference; lastKnownFileType = sourcecode.swift; path = SeasonEndpoint.swift; sourceTree = "<group>"; };
		49536E9D231EED1600C9C7EA /* EpisodeEndpoint.swift */ = {isa = PBXFileReference; lastKnownFileType = sourcecode.swift; path = EpisodeEndpoint.swift; sourceTree = "<group>"; };
		49536EA1231EF8B700C9C7EA /* EpisodeController.swift */ = {isa = PBXFileReference; lastKnownFileType = sourcecode.swift; path = EpisodeController.swift; sourceTree = "<group>"; };
		49AAA5132318252C00F11DC3 /* videoPlayer.app */ = {isa = PBXFileReference; explicitFileType = wrapper.application; includeInIndex = 0; path = videoPlayer.app; sourceTree = BUILT_PRODUCTS_DIR; };
		49AAA5162318252C00F11DC3 /* AppDelegate.swift */ = {isa = PBXFileReference; lastKnownFileType = sourcecode.swift; path = AppDelegate.swift; sourceTree = "<group>"; };
		49AAA5182318252C00F11DC3 /* ViewController.swift */ = {isa = PBXFileReference; lastKnownFileType = sourcecode.swift; path = ViewController.swift; sourceTree = "<group>"; };
		49AAA51B2318252C00F11DC3 /* Base */ = {isa = PBXFileReference; lastKnownFileType = file.storyboard; name = Base; path = Base.lproj/Main.storyboard; sourceTree = "<group>"; };
		49AAA51D2318252D00F11DC3 /* Assets.xcassets */ = {isa = PBXFileReference; lastKnownFileType = folder.assetcatalog; path = Assets.xcassets; sourceTree = "<group>"; };
		49AAA5202318252D00F11DC3 /* Base */ = {isa = PBXFileReference; lastKnownFileType = file.storyboard; name = Base; path = Base.lproj/LaunchScreen.storyboard; sourceTree = "<group>"; };
		49AAA5222318252D00F11DC3 /* Info.plist */ = {isa = PBXFileReference; lastKnownFileType = text.plist.xml; path = Info.plist; sourceTree = "<group>"; };
		49AAA5272318252D00F11DC3 /* videoPlayerTests.xctest */ = {isa = PBXFileReference; explicitFileType = wrapper.cfbundle; includeInIndex = 0; path = videoPlayerTests.xctest; sourceTree = BUILT_PRODUCTS_DIR; };
		49AAA52B2318252D00F11DC3 /* videoPlayerTests.swift */ = {isa = PBXFileReference; lastKnownFileType = sourcecode.swift; path = videoPlayerTests.swift; sourceTree = "<group>"; };
		49AAA52D2318252D00F11DC3 /* Info.plist */ = {isa = PBXFileReference; lastKnownFileType = text.plist.xml; path = Info.plist; sourceTree = "<group>"; };
		49AAA5322318252D00F11DC3 /* videoPlayerUITests.xctest */ = {isa = PBXFileReference; explicitFileType = wrapper.cfbundle; includeInIndex = 0; path = videoPlayerUITests.xctest; sourceTree = BUILT_PRODUCTS_DIR; };
		49AAA5362318252D00F11DC3 /* videoPlayerUITests.swift */ = {isa = PBXFileReference; lastKnownFileType = sourcecode.swift; path = videoPlayerUITests.swift; sourceTree = "<group>"; };
		49AAA5382318252D00F11DC3 /* Info.plist */ = {isa = PBXFileReference; lastKnownFileType = text.plist.xml; path = Info.plist; sourceTree = "<group>"; };
/* End PBXFileReference section */

/* Begin PBXFrameworksBuildPhase section */
		49AAA5102318252C00F11DC3 /* Frameworks */ = {
			isa = PBXFrameworksBuildPhase;
			buildActionMask = 2147483647;
			files = (
			);
			runOnlyForDeploymentPostprocessing = 0;
		};
		49AAA5242318252D00F11DC3 /* Frameworks */ = {
			isa = PBXFrameworksBuildPhase;
			buildActionMask = 2147483647;
			files = (
			);
			runOnlyForDeploymentPostprocessing = 0;
		};
		49AAA52F2318252D00F11DC3 /* Frameworks */ = {
			isa = PBXFrameworksBuildPhase;
			buildActionMask = 2147483647;
			files = (
			);
			runOnlyForDeploymentPostprocessing = 0;
		};
/* End PBXFrameworksBuildPhase section */

/* Begin PBXGroup section */
		49AAA50A2318252C00F11DC3 = {
			isa = PBXGroup;
			children = (
				49AAA5152318252C00F11DC3 /* videoPlayer */,
				49AAA52A2318252D00F11DC3 /* videoPlayerTests */,
				49AAA5352318252D00F11DC3 /* videoPlayerUITests */,
				49AAA5142318252C00F11DC3 /* Products */,
			);
			sourceTree = "<group>";
		};
		49AAA5142318252C00F11DC3 /* Products */ = {
			isa = PBXGroup;
			children = (
				49AAA5132318252C00F11DC3 /* videoPlayer.app */,
				49AAA5272318252D00F11DC3 /* videoPlayerTests.xctest */,
				49AAA5322318252D00F11DC3 /* videoPlayerUITests.xctest */,
			);
			name = Products;
			sourceTree = "<group>";
		};
		49AAA5152318252C00F11DC3 /* videoPlayer */ = {
			isa = PBXGroup;
			children = (
				49AAA5162318252C00F11DC3 /* AppDelegate.swift */,
				49AAA5182318252C00F11DC3 /* ViewController.swift */,
				49536EA1231EF8B700C9C7EA /* EpisodeController.swift */,
				49536E99231960A600C9C7EA /* EpisodeCell.swift */,
				49AAA51A2318252C00F11DC3 /* Main.storyboard */,
				49AAA51D2318252D00F11DC3 /* Assets.xcassets */,
				49AAA51F2318252D00F11DC3 /* LaunchScreen.storyboard */,
				49AAA5222318252D00F11DC3 /* Info.plist */,
				49536E9B231EA74100C9C7EA /* SeasonEndpoint.swift */,
				49536E9D231EED1600C9C7EA /* EpisodeEndpoint.swift */,
			);
			path = videoPlayer;
			sourceTree = "<group>";
		};
		49AAA52A2318252D00F11DC3 /* videoPlayerTests */ = {
			isa = PBXGroup;
			children = (
				49AAA52B2318252D00F11DC3 /* videoPlayerTests.swift */,
				49AAA52D2318252D00F11DC3 /* Info.plist */,
			);
			path = videoPlayerTests;
			sourceTree = "<group>";
		};
		49AAA5352318252D00F11DC3 /* videoPlayerUITests */ = {
			isa = PBXGroup;
			children = (
				49AAA5362318252D00F11DC3 /* videoPlayerUITests.swift */,
				49AAA5382318252D00F11DC3 /* Info.plist */,
			);
			path = videoPlayerUITests;
			sourceTree = "<group>";
		};
/* End PBXGroup section */

/* Begin PBXNativeTarget section */
		49AAA5122318252C00F11DC3 /* videoPlayer */ = {
			isa = PBXNativeTarget;
			buildConfigurationList = 49AAA53B2318252D00F11DC3 /* Build configuration list for PBXNativeTarget "videoPlayer" */;
			buildPhases = (
				49AAA50F2318252C00F11DC3 /* Sources */,
				49AAA5102318252C00F11DC3 /* Frameworks */,
				49AAA5112318252C00F11DC3 /* Resources */,
			);
			buildRules = (
			);
			dependencies = (
			);
			name = videoPlayer;
			productName = videoPlayer;
			productReference = 49AAA5132318252C00F11DC3 /* videoPlayer.app */;
			productType = "com.apple.product-type.application";
		};
		49AAA5262318252D00F11DC3 /* videoPlayerTests */ = {
			isa = PBXNativeTarget;
			buildConfigurationList = 49AAA53E2318252D00F11DC3 /* Build configuration list for PBXNativeTarget "videoPlayerTests" */;
			buildPhases = (
				49AAA5232318252D00F11DC3 /* Sources */,
				49AAA5242318252D00F11DC3 /* Frameworks */,
				49AAA5252318252D00F11DC3 /* Resources */,
			);
			buildRules = (
			);
			dependencies = (
				49AAA5292318252D00F11DC3 /* PBXTargetDependency */,
			);
			name = videoPlayerTests;
			productName = videoPlayerTests;
			productReference = 49AAA5272318252D00F11DC3 /* videoPlayerTests.xctest */;
			productType = "com.apple.product-type.bundle.unit-test";
		};
		49AAA5312318252D00F11DC3 /* videoPlayerUITests */ = {
			isa = PBXNativeTarget;
			buildConfigurationList = 49AAA5412318252D00F11DC3 /* Build configuration list for PBXNativeTarget "videoPlayerUITests" */;
			buildPhases = (
				49AAA52E2318252D00F11DC3 /* Sources */,
				49AAA52F2318252D00F11DC3 /* Frameworks */,
				49AAA5302318252D00F11DC3 /* Resources */,
			);
			buildRules = (
			);
			dependencies = (
				49AAA5342318252D00F11DC3 /* PBXTargetDependency */,
			);
			name = videoPlayerUITests;
			productName = videoPlayerUITests;
			productReference = 49AAA5322318252D00F11DC3 /* videoPlayerUITests.xctest */;
			productType = "com.apple.product-type.bundle.ui-testing";
		};
/* End PBXNativeTarget section */

/* Begin PBXProject section */
		49AAA50B2318252C00F11DC3 /* Project object */ = {
			isa = PBXProject;
			attributes = {
				LastSwiftUpdateCheck = 1030;
				LastUpgradeCheck = 1030;
				ORGANIZATIONNAME = "Kyle Gould";
				TargetAttributes = {
					49AAA5122318252C00F11DC3 = {
						CreatedOnToolsVersion = 10.3;
					};
					49AAA5262318252D00F11DC3 = {
						CreatedOnToolsVersion = 10.3;
						TestTargetID = 49AAA5122318252C00F11DC3;
					};
					49AAA5312318252D00F11DC3 = {
						CreatedOnToolsVersion = 10.3;
						TestTargetID = 49AAA5122318252C00F11DC3;
					};
				};
			};
			buildConfigurationList = 49AAA50E2318252C00F11DC3 /* Build configuration list for PBXProject "videoPlayer" */;
			compatibilityVersion = "Xcode 9.3";
			developmentRegion = en;
			hasScannedForEncodings = 0;
			knownRegions = (
				en,
				Base,
			);
			mainGroup = 49AAA50A2318252C00F11DC3;
			productRefGroup = 49AAA5142318252C00F11DC3 /* Products */;
			projectDirPath = "";
			projectRoot = "";
			targets = (
				49AAA5122318252C00F11DC3 /* videoPlayer */,
				49AAA5262318252D00F11DC3 /* videoPlayerTests */,
				49AAA5312318252D00F11DC3 /* videoPlayerUITests */,
			);
		};
/* End PBXProject section */

/* Begin PBXResourcesBuildPhase section */
		49AAA5112318252C00F11DC3 /* Resources */ = {
			isa = PBXResourcesBuildPhase;
			buildActionMask = 2147483647;
			files = (
				49AAA5212318252D00F11DC3 /* LaunchScreen.storyboard in Resources */,
				49AAA51E2318252D00F11DC3 /* Assets.xcassets in Resources */,
				49AAA51C2318252C00F11DC3 /* Main.storyboard in Resources */,
			);
			runOnlyForDeploymentPostprocessing = 0;
		};
		49AAA5252318252D00F11DC3 /* Resources */ = {
			isa = PBXResourcesBuildPhase;
			buildActionMask = 2147483647;
			files = (
			);
			runOnlyForDeploymentPostprocessing = 0;
		};
		49AAA5302318252D00F11DC3 /* Resources */ = {
			isa = PBXResourcesBuildPhase;
			buildActionMask = 2147483647;
			files = (
			);
			runOnlyForDeploymentPostprocessing = 0;
		};
/* End PBXResourcesBuildPhase section */

/* Begin PBXSourcesBuildPhase section */
		49AAA50F2318252C00F11DC3 /* Sources */ = {
			isa = PBXSourcesBuildPhase;
			buildActionMask = 2147483647;
			files = (
				49AAA5192318252C00F11DC3 /* ViewController.swift in Sources */,
				49536E9C231EA74100C9C7EA /* SeasonEndpoint.swift in Sources */,
				49AAA5172318252C00F11DC3 /* AppDelegate.swift in Sources */,
				49536EA2231EF8B700C9C7EA /* EpisodeController.swift in Sources */,
				49536E9A231960A600C9C7EA /* EpisodeCell.swift in Sources */,
				49536E9E231EED1600C9C7EA /* EpisodeEndpoint.swift in Sources */,
			);
			runOnlyForDeploymentPostprocessing = 0;
		};
		49AAA5232318252D00F11DC3 /* Sources */ = {
			isa = PBXSourcesBuildPhase;
			buildActionMask = 2147483647;
			files = (
				49AAA52C2318252D00F11DC3 /* videoPlayerTests.swift in Sources */,
			);
			runOnlyForDeploymentPostprocessing = 0;
		};
		49AAA52E2318252D00F11DC3 /* Sources */ = {
			isa = PBXSourcesBuildPhase;
			buildActionMask = 2147483647;
			files = (
				49AAA5372318252D00F11DC3 /* videoPlayerUITests.swift in Sources */,
			);
			runOnlyForDeploymentPostprocessing = 0;
		};
/* End PBXSourcesBuildPhase section */

/* Begin PBXTargetDependency section */
		49AAA5292318252D00F11DC3 /* PBXTargetDependency */ = {
			isa = PBXTargetDependency;
			target = 49AAA5122318252C00F11DC3 /* videoPlayer */;
			targetProxy = 49AAA5282318252D00F11DC3 /* PBXContainerItemProxy */;
		};
		49AAA5342318252D00F11DC3 /* PBXTargetDependency */ = {
			isa = PBXTargetDependency;
			target = 49AAA5122318252C00F11DC3 /* videoPlayer */;
			targetProxy = 49AAA5332318252D00F11DC3 /* PBXContainerItemProxy */;
		};
/* End PBXTargetDependency section */

/* Begin PBXVariantGroup section */
		49AAA51A2318252C00F11DC3 /* Main.storyboard */ = {
			isa = PBXVariantGroup;
			children = (
				49AAA51B2318252C00F11DC3 /* Base */,
			);
			name = Main.storyboard;
			sourceTree = "<group>";
		};
		49AAA51F2318252D00F11DC3 /* LaunchScreen.storyboard */ = {
			isa = PBXVariantGroup;
			children = (
				49AAA5202318252D00F11DC3 /* Base */,
			);
			name = LaunchScreen.storyboard;
			sourceTree = "<group>";
		};
/* End PBXVariantGroup section */

/* Begin XCBuildConfiguration section */
		49AAA5392318252D00F11DC3 /* Debug */ = {
			isa = XCBuildConfiguration;
			buildSettings = {
				ALWAYS_SEARCH_USER_PATHS = NO;
				CLANG_ANALYZER_NONNULL = YES;
				CLANG_ANALYZER_NUMBER_OBJECT_CONVERSION = YES_AGGRESSIVE;
				CLANG_CXX_LANGUAGE_STANDARD = "gnu++14";
				CLANG_CXX_LIBRARY = "libc++";
				CLANG_ENABLE_MODULES = YES;
				CLANG_ENABLE_OBJC_ARC = YES;
				CLANG_ENABLE_OBJC_WEAK = YES;
				CLANG_WARN_BLOCK_CAPTURE_AUTORELEASING = YES;
				CLANG_WARN_BOOL_CONVERSION = YES;
				CLANG_WARN_COMMA = YES;
				CLANG_WARN_CONSTANT_CONVERSION = YES;
				CLANG_WARN_DEPRECATED_OBJC_IMPLEMENTATIONS = YES;
				CLANG_WARN_DIRECT_OBJC_ISA_USAGE = YES_ERROR;
				CLANG_WARN_DOCUMENTATION_COMMENTS = YES;
				CLANG_WARN_EMPTY_BODY = YES;
				CLANG_WARN_ENUM_CONVERSION = YES;
				CLANG_WARN_INFINITE_RECURSION = YES;
				CLANG_WARN_INT_CONVERSION = YES;
				CLANG_WARN_NON_LITERAL_NULL_CONVERSION = YES;
				CLANG_WARN_OBJC_IMPLICIT_RETAIN_SELF = YES;
				CLANG_WARN_OBJC_LITERAL_CONVERSION = YES;
				CLANG_WARN_OBJC_ROOT_CLASS = YES_ERROR;
				CLANG_WARN_RANGE_LOOP_ANALYSIS = YES;
				CLANG_WARN_STRICT_PROTOTYPES = YES;
				CLANG_WARN_SUSPICIOUS_MOVE = YES;
				CLANG_WARN_UNGUARDED_AVAILABILITY = YES_AGGRESSIVE;
				CLANG_WARN_UNREACHABLE_CODE = YES;
				CLANG_WARN__DUPLICATE_METHOD_MATCH = YES;
				CODE_SIGN_IDENTITY = "iPhone Developer";
				COPY_PHASE_STRIP = NO;
				DEBUG_INFORMATION_FORMAT = dwarf;
				ENABLE_STRICT_OBJC_MSGSEND = YES;
				ENABLE_TESTABILITY = YES;
				GCC_C_LANGUAGE_STANDARD = gnu11;
				GCC_DYNAMIC_NO_PIC = NO;
				GCC_NO_COMMON_BLOCKS = YES;
				GCC_OPTIMIZATION_LEVEL = 0;
				GCC_PREPROCESSOR_DEFINITIONS = (
					"DEBUG=1",
					"$(inherited)",
				);
				GCC_WARN_64_TO_32_BIT_CONVERSION = YES;
				GCC_WARN_ABOUT_RETURN_TYPE = YES_ERROR;
				GCC_WARN_UNDECLARED_SELECTOR = YES;
				GCC_WARN_UNINITIALIZED_AUTOS = YES_AGGRESSIVE;
				GCC_WARN_UNUSED_FUNCTION = YES;
				GCC_WARN_UNUSED_VARIABLE = YES;
				IPHONEOS_DEPLOYMENT_TARGET = 12.4;
				MTL_ENABLE_DEBUG_INFO = INCLUDE_SOURCE;
				MTL_FAST_MATH = YES;
				ONLY_ACTIVE_ARCH = YES;
				SDKROOT = iphoneos;
				SWIFT_ACTIVE_COMPILATION_CONDITIONS = DEBUG;
				SWIFT_OPTIMIZATION_LEVEL = "-Onone";
			};
			name = Debug;
		};
		49AAA53A2318252D00F11DC3 /* Release */ = {
			isa = XCBuildConfiguration;
			buildSettings = {
				ALWAYS_SEARCH_USER_PATHS = NO;
				CLANG_ANALYZER_NONNULL = YES;
				CLANG_ANALYZER_NUMBER_OBJECT_CONVERSION = YES_AGGRESSIVE;
				CLANG_CXX_LANGUAGE_STANDARD = "gnu++14";
				CLANG_CXX_LIBRARY = "libc++";
				CLANG_ENABLE_MODULES = YES;
				CLANG_ENABLE_OBJC_ARC = YES;
				CLANG_ENABLE_OBJC_WEAK = YES;
				CLANG_WARN_BLOCK_CAPTURE_AUTORELEASING = YES;
				CLANG_WARN_BOOL_CONVERSION = YES;
				CLANG_WARN_COMMA = YES;
				CLANG_WARN_CONSTANT_CONVERSION = YES;
				CLANG_WARN_DEPRECATED_OBJC_IMPLEMENTATIONS = YES;
				CLANG_WARN_DIRECT_OBJC_ISA_USAGE = YES_ERROR;
				CLANG_WARN_DOCUMENTATION_COMMENTS = YES;
				CLANG_WARN_EMPTY_BODY = YES;
				CLANG_WARN_ENUM_CONVERSION = YES;
				CLANG_WARN_INFINITE_RECURSION = YES;
				CLANG_WARN_INT_CONVERSION = YES;
				CLANG_WARN_NON_LITERAL_NULL_CONVERSION = YES;
				CLANG_WARN_OBJC_IMPLICIT_RETAIN_SELF = YES;
				CLANG_WARN_OBJC_LITERAL_CONVERSION = YES;
				CLANG_WARN_OBJC_ROOT_CLASS = YES_ERROR;
				CLANG_WARN_RANGE_LOOP_ANALYSIS = YES;
				CLANG_WARN_STRICT_PROTOTYPES = YES;
				CLANG_WARN_SUSPICIOUS_MOVE = YES;
				CLANG_WARN_UNGUARDED_AVAILABILITY = YES_AGGRESSIVE;
				CLANG_WARN_UNREACHABLE_CODE = YES;
				CLANG_WARN__DUPLICATE_METHOD_MATCH = YES;
				CODE_SIGN_IDENTITY = "iPhone Developer";
				COPY_PHASE_STRIP = NO;
				DEBUG_INFORMATION_FORMAT = "dwarf-with-dsym";
				ENABLE_NS_ASSERTIONS = NO;
				ENABLE_STRICT_OBJC_MSGSEND = YES;
				GCC_C_LANGUAGE_STANDARD = gnu11;
				GCC_NO_COMMON_BLOCKS = YES;
				GCC_WARN_64_TO_32_BIT_CONVERSION = YES;
				GCC_WARN_ABOUT_RETURN_TYPE = YES_ERROR;
				GCC_WARN_UNDECLARED_SELECTOR = YES;
				GCC_WARN_UNINITIALIZED_AUTOS = YES_AGGRESSIVE;
				GCC_WARN_UNUSED_FUNCTION = YES;
				GCC_WARN_UNUSED_VARIABLE = YES;
				IPHONEOS_DEPLOYMENT_TARGET = 12.4;
				MTL_ENABLE_DEBUG_INFO = NO;
				MTL_FAST_MATH = YES;
				SDKROOT = iphoneos;
				SWIFT_COMPILATION_MODE = wholemodule;
				SWIFT_OPTIMIZATION_LEVEL = "-O";
				VALIDATE_PRODUCT = YES;
			};
			name = Release;
		};
		49AAA53C2318252D00F11DC3 /* Debug */ = {
			isa = XCBuildConfiguration;
			buildSettings = {
				ASSETCATALOG_COMPILER_APPICON_NAME = AppIcon;
				CODE_SIGN_STYLE = Automatic;
				DEVELOPMENT_TEAM = KVU6SBA68D;
				INFOPLIST_FILE = videoPlayer/Info.plist;
				LD_RUNPATH_SEARCH_PATHS = (
					"$(inherited)",
					"@executable_path/Frameworks",
				);
				PRODUCT_BUNDLE_IDENTIFIER = com.gouldk.videoPlayer;
				PRODUCT_NAME = "$(TARGET_NAME)";
				SWIFT_VERSION = 5.0;
				TARGETED_DEVICE_FAMILY = "1,2";
			};
			name = Debug;
		};
		49AAA53D2318252D00F11DC3 /* Release */ = {
			isa = XCBuildConfiguration;
			buildSettings = {
				ASSETCATALOG_COMPILER_APPICON_NAME = AppIcon;
				CODE_SIGN_STYLE = Automatic;
				DEVELOPMENT_TEAM = KVU6SBA68D;
				INFOPLIST_FILE = videoPlayer/Info.plist;
				LD_RUNPATH_SEARCH_PATHS = (
					"$(inherited)",
					"@executable_path/Frameworks",
				);
				PRODUCT_BUNDLE_IDENTIFIER = com.gouldk.videoPlayer;
				PRODUCT_NAME = "$(TARGET_NAME)";
				SWIFT_VERSION = 5.0;
				TARGETED_DEVICE_FAMILY = "1,2";
			};
			name = Release;
		};
		49AAA53F2318252D00F11DC3 /* Debug */ = {
			isa = XCBuildConfiguration;
			buildSettings = {
				ALWAYS_EMBED_SWIFT_STANDARD_LIBRARIES = YES;
				BUNDLE_LOADER = "$(TEST_HOST)";
				CODE_SIGN_STYLE = Automatic;
				DEVELOPMENT_TEAM = KVU6SBA68D;
				INFOPLIST_FILE = videoPlayerTests/Info.plist;
				LD_RUNPATH_SEARCH_PATHS = (
					"$(inherited)",
					"@executable_path/Frameworks",
					"@loader_path/Frameworks",
				);
				PRODUCT_BUNDLE_IDENTIFIER = com.gouldk.videoPlayerTests;
				PRODUCT_NAME = "$(TARGET_NAME)";
				SWIFT_VERSION = 5.0;
				TARGETED_DEVICE_FAMILY = "1,2";
				TEST_HOST = "$(BUILT_PRODUCTS_DIR)/videoPlayer.app/videoPlayer";
			};
			name = Debug;
		};
		49AAA5402318252D00F11DC3 /* Release */ = {
			isa = XCBuildConfiguration;
			buildSettings = {
				ALWAYS_EMBED_SWIFT_STANDARD_LIBRARIES = YES;
				BUNDLE_LOADER = "$(TEST_HOST)";
				CODE_SIGN_STYLE = Automatic;
				DEVELOPMENT_TEAM = KVU6SBA68D;
				INFOPLIST_FILE = videoPlayerTests/Info.plist;
				LD_RUNPATH_SEARCH_PATHS = (
					"$(inherited)",
					"@executable_path/Frameworks",
					"@loader_path/Frameworks",
				);
				PRODUCT_BUNDLE_IDENTIFIER = com.gouldk.videoPlayerTests;
				PRODUCT_NAME = "$(TARGET_NAME)";
				SWIFT_VERSION = 5.0;
				TARGETED_DEVICE_FAMILY = "1,2";
				TEST_HOST = "$(BUILT_PRODUCTS_DIR)/videoPlayer.app/videoPlayer";
			};
			name = Release;
		};
		49AAA5422318252D00F11DC3 /* Debug */ = {
			isa = XCBuildConfiguration;
			buildSettings = {
				ALWAYS_EMBED_SWIFT_STANDARD_LIBRARIES = YES;
				CODE_SIGN_STYLE = Automatic;
				DEVELOPMENT_TEAM = KVU6SBA68D;
				INFOPLIST_FILE = videoPlayerUITests/Info.plist;
				LD_RUNPATH_SEARCH_PATHS = (
					"$(inherited)",
					"@executable_path/Frameworks",
					"@loader_path/Frameworks",
				);
				PRODUCT_BUNDLE_IDENTIFIER = com.gouldk.videoPlayerUITests;
				PRODUCT_NAME = "$(TARGET_NAME)";
				SWIFT_VERSION = 5.0;
				TARGETED_DEVICE_FAMILY = "1,2";
				TEST_TARGET_NAME = videoPlayer;
			};
			name = Debug;
		};
		49AAA5432318252D00F11DC3 /* Release */ = {
			isa = XCBuildConfiguration;
			buildSettings = {
				ALWAYS_EMBED_SWIFT_STANDARD_LIBRARIES = YES;
				CODE_SIGN_STYLE = Automatic;
				DEVELOPMENT_TEAM = KVU6SBA68D;
				INFOPLIST_FILE = videoPlayerUITests/Info.plist;
				LD_RUNPATH_SEARCH_PATHS = (
					"$(inherited)",
					"@executable_path/Frameworks",
					"@loader_path/Frameworks",
				);
				PRODUCT_BUNDLE_IDENTIFIER = com.gouldk.videoPlayerUITests;
				PRODUCT_NAME = "$(TARGET_NAME)";
				SWIFT_VERSION = 5.0;
				TARGETED_DEVICE_FAMILY = "1,2";
				TEST_TARGET_NAME = videoPlayer;
			};
			name = Release;
		};
/* End XCBuildConfiguration section */

/* Begin XCConfigurationList section */
		49AAA50E2318252C00F11DC3 /* Build configuration list for PBXProject "videoPlayer" */ = {
			isa = XCConfigurationList;
			buildConfigurations = (
				49AAA5392318252D00F11DC3 /* Debug */,
				49AAA53A2318252D00F11DC3 /* Release */,
			);
			defaultConfigurationIsVisible = 0;
			defaultConfigurationName = Release;
		};
		49AAA53B2318252D00F11DC3 /* Build configuration list for PBXNativeTarget "videoPlayer" */ = {
			isa = XCConfigurationList;
			buildConfigurations = (
				49AAA53C2318252D00F11DC3 /* Debug */,
				49AAA53D2318252D00F11DC3 /* Release */,
			);
			defaultConfigurationIsVisible = 0;
			defaultConfigurationName = Release;
		};
		49AAA53E2318252D00F11DC3 /* Build configuration list for PBXNativeTarget "videoPlayerTests" */ = {
			isa = XCConfigurationList;
			buildConfigurations = (
				49AAA53F2318252D00F11DC3 /* Debug */,
				49AAA5402318252D00F11DC3 /* Release */,
			);
			defaultConfigurationIsVisible = 0;
			defaultConfigurationName = Release;
		};
		49AAA5412318252D00F11DC3 /* Build configuration list for PBXNativeTarget "videoPlayerUITests" */ = {
			isa = XCConfigurationList;
			buildConfigurations = (
				49AAA5422318252D00F11DC3 /* Debug */,
				49AAA5432318252D00F11DC3 /* Release */,
			);
			defaultConfigurationIsVisible = 0;
			defaultConfigurationName = Release;
		};
/* End XCConfigurationList section */
	};
	rootObject = 49AAA50B2318252C00F11DC3 /* Project object */;
}
